
Microsoft Visual Studio Solution File, Format Version 12.00
# Visual Studio Version 17
VisualStudioVersion = 17.11.35303.130
MinimumVisualStudioVersion = 10.0.40219.1
Project("{9A19103F-16F7-4668-BE54-9A1E7A4F7556}") = "MarriageAgency", "MarriageAgency\MarriageAgency.csproj", "{CA40BFC1-7B05-41E3-A7D8-DFC45B4924C1}"
EndProject
Project("{9A19103F-16F7-4668-BE54-9A1E7A4F7556}") = "DataLayer", "DataLayer\DataLayer.csproj", "{531EAB06-A968-4A79-80F9-66621304B201}"
EndProject
Project("{9A19103F-16F7-4668-BE54-9A1E7A4F7556}") = "Tests", "Tests\Tests.csproj", "{45CCCE80-0991-4768-85D2-E43AB3A5E692}"
EndProject
Global
	GlobalSection(SolutionConfigurationPlatforms) = preSolution
		Debug|Any CPU = Debug|Any CPU
		Release|Any CPU = Release|Any CPU
	EndGlobalSection
	GlobalSection(ProjectConfigurationPlatforms) = postSolution
		{CA40BFC1-7B05-41E3-A7D8-DFC45B4924C1}.Debug|Any CPU.ActiveCfg = Debug|Any CPU
		{CA40BFC1-7B05-41E3-A7D8-DFC45B4924C1}.Debug|Any CPU.Build.0 = Debug|Any CPU
		{CA40BFC1-7B05-41E3-A7D8-DFC45B4924C1}.Release|Any CPU.ActiveCfg = Release|Any CPU
		{CA40BFC1-7B05-41E3-A7D8-DFC45B4924C1}.Release|Any CPU.Build.0 = Release|Any CPU
		{531EAB06-A968-4A79-80F9-66621304B201}.Debug|Any CPU.ActiveCfg = Debug|Any CPU
		{531EAB06-A968-4A79-80F9-66621304B201}.Debug|Any CPU.Build.0 = Debug|Any CPU
		{531EAB06-A968-4A79-80F9-66621304B201}.Release|Any CPU.ActiveCfg = Release|Any CPU
		{531EAB06-A968-4A79-80F9-66621304B201}.Release|Any CPU.Build.0 = Release|Any CPU
		{45CCCE80-0991-4768-85D2-E43AB3A5E692}.Debug|Any CPU.ActiveCfg = Debug|Any CPU
		{45CCCE80-0991-4768-85D2-E43AB3A5E692}.Debug|Any CPU.Build.0 = Debug|Any CPU
		{45CCCE80-0991-4768-85D2-E43AB3A5E692}.Release|Any CPU.ActiveCfg = Release|Any CPU
		{45CCCE80-0991-4768-85D2-E43AB3A5E692}.Release|Any CPU.Build.0 = Release|Any CPU
	EndGlobalSection
	GlobalSection(SolutionProperties) = preSolution
		HideSolutionNode = FALSE
	EndGlobalSection
	GlobalSection(ExtensibilityGlobals) = postSolution
		SolutionGuid = {4BDAF4D0-5034-4D6C-99D1-4C2603ED01B0}
	EndGlobalSection
EndGlobal
