
Microsoft Visual Studio Solution File, Format Version 12.00
# Visual Studio Version 17
VisualStudioVersion = 17.11.35303.130
MinimumVisualStudioVersion = 10.0.40219.1
Project("{FAE04EC0-301F-11D3-BF4B-00C04F79EFBC}") = "DataLayer", "DataLayer\DataLayer.csproj", "{623B9097-5638-4923-BEC5-C5E2AEB4C1AD}"
EndProject
Project("{FAE04EC0-301F-11D3-BF4B-00C04F79EFBC}") = "MarriageAgency", "MarriageAgency\MarriageAgency.csproj", "{1270FC0B-7C48-43E5-8F6B-AE08E90DBC74}"
EndProject
Global
	GlobalSection(SolutionConfigurationPlatforms) = preSolution
		Debug|Any CPU = Debug|Any CPU
		Release|Any CPU = Release|Any CPU
	EndGlobalSection
	GlobalSection(ProjectConfigurationPlatforms) = postSolution
		{623B9097-5638-4923-BEC5-C5E2AEB4C1AD}.Debug|Any CPU.ActiveCfg = Debug|Any CPU
		{623B9097-5638-4923-BEC5-C5E2AEB4C1AD}.Debug|Any CPU.Build.0 = Debug|Any CPU
		{623B9097-5638-4923-BEC5-C5E2AEB4C1AD}.Release|Any CPU.ActiveCfg = Release|Any CPU
		{623B9097-5638-4923-BEC5-C5E2AEB4C1AD}.Release|Any CPU.Build.0 = Release|Any CPU
		{1270FC0B-7C48-43E5-8F6B-AE08E90DBC74}.Debug|Any CPU.ActiveCfg = Debug|Any CPU
		{1270FC0B-7C48-43E5-8F6B-AE08E90DBC74}.Debug|Any CPU.Build.0 = Debug|Any CPU
		{1270FC0B-7C48-43E5-8F6B-AE08E90DBC74}.Release|Any CPU.ActiveCfg = Release|Any CPU
		{1270FC0B-7C48-43E5-8F6B-AE08E90DBC74}.Release|Any CPU.Build.0 = Release|Any CPU
	EndGlobalSection
	GlobalSection(SolutionProperties) = preSolution
		HideSolutionNode = FALSE
	EndGlobalSection
	GlobalSection(ExtensibilityGlobals) = postSolution
		SolutionGuid = {12652D52-5DD4-44F3-8D9B-C952EB16D046}
	EndGlobalSection
EndGlobal
